
Microsoft Visual Studio Solution File, Format Version 12.00
# Visual Studio Version 17
VisualStudioVersion = 17.9.34622.214
MinimumVisualStudioVersion = 10.0.40219.1
Project("{FAE04EC0-301F-11D3-BF4B-00C04F79EFBC}") = "SealedClass", "SealedClass\SealedClass.csproj", "{5490CF0D-DBD6-4D0D-B652-9EBD611698B1}"
EndProject
Global
	GlobalSection(SolutionConfigurationPlatforms) = preSolution
		Debug|Any CPU = Debug|Any CPU
		Release|Any CPU = Release|Any CPU
	EndGlobalSection
	GlobalSection(ProjectConfigurationPlatforms) = postSolution
		{5490CF0D-DBD6-4D0D-B652-9EBD611698B1}.Debug|Any CPU.ActiveCfg = Debug|Any CPU
		{5490CF0D-DBD6-4D0D-B652-9EBD611698B1}.Debug|Any CPU.Build.0 = Debug|Any CPU
		{5490CF0D-DBD6-4D0D-B652-9EBD611698B1}.Release|Any CPU.ActiveCfg = Release|Any CPU
		{5490CF0D-DBD6-4D0D-B652-9EBD611698B1}.Release|Any CPU.Build.0 = Release|Any CPU
	EndGlobalSection
	GlobalSection(SolutionProperties) = preSolution
		HideSolutionNode = FALSE
	EndGlobalSection
	GlobalSection(ExtensibilityGlobals) = postSolution
		SolutionGuid = {3528C16D-C513-4FDB-9095-B4C67D0FFA74}
	EndGlobalSection
EndGlobal
